
Microsoft Visual Studio Solution File, Format Version 12.00
# Visual Studio Version 17
VisualStudioVersion = 17.12.35527.113 d17.12
MinimumVisualStudioVersion = 10.0.40219.1
Project("{FAE04EC0-301F-11D3-BF4B-00C04F79EFBC}") = "Common", "Common\Common.csproj", "{EA2FD377-F354-470B-BBB5-2700D2110731}"
EndProject
Project("{FAE04EC0-301F-11D3-BF4B-00C04F79EFBC}") = "damo_OOP_01", "damo_OOP_01\damo_OOP_01.csproj", "{36EB52E5-10EB-4B46-BD91-0653C4623586}"
EndProject
Project("{FAE04EC0-301F-11D3-BF4B-00C04F79EFBC}") = "Assignment", "Assignment\Assignment.csproj", "{3C900A78-6630-44AC-8274-982011B2AECD}"
EndProject
Global
	GlobalSection(SolutionConfigurationPlatforms) = preSolution
		Debug|Any CPU = Debug|Any CPU
		Release|Any CPU = Release|Any CPU
	EndGlobalSection
	GlobalSection(ProjectConfigurationPlatforms) = postSolution
		{EA2FD377-F354-470B-BBB5-2700D2110731}.Debug|Any CPU.ActiveCfg = Debug|Any CPU
		{EA2FD377-F354-470B-BBB5-2700D2110731}.Debug|Any CPU.Build.0 = Debug|Any CPU
		{EA2FD377-F354-470B-BBB5-2700D2110731}.Release|Any CPU.ActiveCfg = Release|Any CPU
		{EA2FD377-F354-470B-BBB5-2700D2110731}.Release|Any CPU.Build.0 = Release|Any CPU
		{36EB52E5-10EB-4B46-BD91-0653C4623586}.Debug|Any CPU.ActiveCfg = Debug|Any CPU
		{36EB52E5-10EB-4B46-BD91-0653C4623586}.Debug|Any CPU.Build.0 = Debug|Any CPU
		{36EB52E5-10EB-4B46-BD91-0653C4623586}.Release|Any CPU.ActiveCfg = Release|Any CPU
		{36EB52E5-10EB-4B46-BD91-0653C4623586}.Release|Any CPU.Build.0 = Release|Any CPU
		{3C900A78-6630-44AC-8274-982011B2AECD}.Debug|Any CPU.ActiveCfg = Debug|Any CPU
		{3C900A78-6630-44AC-8274-982011B2AECD}.Debug|Any CPU.Build.0 = Debug|Any CPU
		{3C900A78-6630-44AC-8274-982011B2AECD}.Release|Any CPU.ActiveCfg = Release|Any CPU
		{3C900A78-6630-44AC-8274-982011B2AECD}.Release|Any CPU.Build.0 = Release|Any CPU
	EndGlobalSection
	GlobalSection(SolutionProperties) = preSolution
		HideSolutionNode = FALSE
	EndGlobalSection
EndGlobal
